{
  "name": "obelisk",
  "version": "1.0.0",
  "lockfileVersion": 1,
  "requires": true,
  "dependencies": {
    "gyp-parser": {
      "version": "1.0.2",
      "resolved": "https://registry.npmjs.org/gyp-parser/-/gyp-parser-1.0.2.tgz",
      "integrity": "sha512-fIngnMoqriCvgGLzs0fDSo8DpJlyjVuGJ3GW2CTDER28dObnlr6MpJvxNUdksiHOuDdDjyL0reDzogLXs9Ykow=="
    }
  }
}
